
Microsoft Visual Studio Solution File, Format Version 12.00
# Visual Studio 14
VisualStudioVersion = 14.0.25123.0
MinimumVisualStudioVersion = 10.0.40219.1
Project("{FAE04EC0-301F-11D3-BF4B-00C04F79EFBC}") = "PerformanceTesting", "PerformanceTesting.csproj", "{DA0D2A70-A2F9-4654-A99A-3227EDF54FF1}"
EndProject
Project("{FAE04EC0-301F-11D3-BF4B-00C04F79EFBC}") = "ConsumptionParser", "Perf\ConsumptionParser2\ConsumptionParser.csproj", "{65BE4C91-1320-4134-B073-D23554000199}"
EndProject
Global
	GlobalSection(SolutionConfigurationPlatforms) = preSolution
		Debug|Any CPU = Debug|Any CPU
		Release|Any CPU = Release|Any CPU
	EndGlobalSection
	GlobalSection(ProjectConfigurationPlatforms) = postSolution
		{DA0D2A70-A2F9-4654-A99A-3227EDF54FF1}.Debug|Any CPU.ActiveCfg = Debug|Any CPU
		{DA0D2A70-A2F9-4654-A99A-3227EDF54FF1}.Debug|Any CPU.Build.0 = Debug|Any CPU
		{DA0D2A70-A2F9-4654-A99A-3227EDF54FF1}.Release|Any CPU.ActiveCfg = Release|Any CPU
		{DA0D2A70-A2F9-4654-A99A-3227EDF54FF1}.Release|Any CPU.Build.0 = Release|Any CPU
		{65BE4C91-1320-4134-B073-D23554000199}.Debug|Any CPU.ActiveCfg = Debug|Any CPU
		{65BE4C91-1320-4134-B073-D23554000199}.Debug|Any CPU.Build.0 = Debug|Any CPU
		{65BE4C91-1320-4134-B073-D23554000199}.Release|Any CPU.ActiveCfg = Release|Any CPU
		{65BE4C91-1320-4134-B073-D23554000199}.Release|Any CPU.Build.0 = Release|Any CPU
	EndGlobalSection
	GlobalSection(SolutionProperties) = preSolution
		HideSolutionNode = FALSE
	EndGlobalSection
EndGlobal
